{
  "name": "Official-VAFramework",
  "lockfileVersion": 3,
  "requires": true,
  "packages": {
    "": {
      "dependencies": {
        "@tanstack/react-query": "^5.62.10"
      }
    },
    "node_modules/@tanstack/query-core": {
      "version": "5.62.9",
      "resolved": "https://registry.npmjs.org/@tanstack/query-core/-/query-core-5.62.9.tgz",
      "integrity": "sha512-lwePd8hNYhyQ4nM/iRQ+Wz2cDtspGeZZHFZmCzHJ7mfKXt+9S301fULiY2IR2byJYY6Z03T427E5PoVfMexHjw==",
      "funding": {
        "type": "github",
        "url": "https://github.com/sponsors/tannerlinsley"
      }
    },
    "node_modules/@tanstack/react-query": {
      "version": "5.62.10",
      "resolved": "https://registry.npmjs.org/@tanstack/react-query/-/react-query-5.62.10.tgz",
      "integrity": "sha512-1e1WpHM5oGf27nWM/NWLY62/X9pbMBWa6ErWYmeuK0OqB9/g9UzA59ogiWbxCmS2wtAFQRhOdHhfSofrkhPl2g==",
      "dependencies": {
        "@tanstack/query-core": "5.62.9"
      },
      "funding": {
        "type": "github",
        "url": "https://github.com/sponsors/tannerlinsley"
      },
      "peerDependencies": {
        "react": "^18 || ^19"
      }
    },
    "node_modules/react": {
      "version": "19.0.0",
      "resolved": "https://registry.npmjs.org/react/-/react-19.0.0.tgz",
      "integrity": "sha512-V8AVnmPIICiWpGfm6GLzCR/W5FXLchHop40W4nXBmdlEceh16rCN8O8LNWm5bh5XUX91fh7KpA+W0TgMKmgTpQ==",
      "peer": true,
      "engines": {
        "node": ">=0.10.0"
      }
    }
  }
}
